
Microsoft Visual Studio Solution File, Format Version 12.00
# Visual Studio 14
VisualStudioVersion = 14.0.25420.1
MinimumVisualStudioVersion = 10.0.40219.1
Project("{2150E333-8FDC-42A3-9474-1A3956D46DE8}") = "1-Infrastructure", "1-Infrastructure", "{AA324C5B-2B35-4683-B216-6B47EEBD015D}"
EndProject
Project("{2150E333-8FDC-42A3-9474-1A3956D46DE8}") = "3-Presentation", "3-Presentation", "{6D823803-1EAD-4375-B17F-07899CC43298}"
EndProject
Project("{2150E333-8FDC-42A3-9474-1A3956D46DE8}") = "2-Application", "2-Application", "{06CB6FC9-BE83-4F84-A8CD-1E9BD2687E28}"
EndProject
Project("{FAE04EC0-301F-11D3-BF4B-00C04F79EFBC}") = "Galaxy.Web", "Galaxy.Web\Galaxy.Web.csproj", "{24FD3786-50B9-4F47-AB06-B9229B2716A5}"
EndProject
Project("{FAE04EC0-301F-11D3-BF4B-00C04F79EFBC}") = "Galaxy.Application", "Galaxy.Application\Galaxy.Application.csproj", "{975B5B1A-9E54-47C6-8C7C-DA109DDCDEA7}"
EndProject
Project("{FAE04EC0-301F-11D3-BF4B-00C04F79EFBC}") = "Galaxy.Code", "Galaxy.Code\Galaxy.Code.csproj", "{C137CD23-0D12-4ADA-A43F-F073DFFE58A4}"
EndProject
Project("{FAE04EC0-301F-11D3-BF4B-00C04F79EFBC}") = "Galaxy.Data", "Galaxy.Data\Galaxy.Data.csproj", "{567BBDDF-31A1-46F8-A1FE-2FA918A8F14C}"
EndProject
Project("{FAE04EC0-301F-11D3-BF4B-00C04F79EFBC}") = "Galaxy.Mapping", "Galaxy.Mapping\Galaxy.Mapping.csproj", "{F70F96EA-F8FB-4834-BB51-170BC9661DA2}"
EndProject
Project("{FAE04EC0-301F-11D3-BF4B-00C04F79EFBC}") = "Galaxy.Repository", "Galaxy.Domain\Galaxy.Repository.csproj", "{83C1C280-99A4-417C-BE22-BCDD1C0BA732}"
EndProject
Project("{FAE04EC0-301F-11D3-BF4B-00C04F79EFBC}") = "Galaxy.Domain", "Galaxy.Entity\Galaxy.Domain.csproj", "{2037457D-3243-4E01-985A-9D236F693870}"
EndProject
Project("{2150E333-8FDC-42A3-9474-1A3956D46DE8}") = "test", "test", "{1DDC9AAF-1158-4E77-BEAB-D7B5AD3D826D}"
EndProject
Project("{FAE04EC0-301F-11D3-BF4B-00C04F79EFBC}") = "Galaxy.Test", "Galaxy.Test\Galaxy.Test.csproj", "{D2275E2C-B3A3-4949-9C00-31A9FB24B19B}"
EndProject
Project("{FAE04EC0-301F-11D3-BF4B-00C04F79EFBC}") = "Galay.Console", "Galay.Console\Galay.Console.csproj", "{7C21CD17-E3C9-4DE8-92C5-00CE02AA8D83}"
EndProject
Project("{2150E333-8FDC-42A3-9474-1A3956D46DE8}") = "src", "src", "{A5468944-D541-46D3-974B-74F539205544}"
EndProject
Global
	GlobalSection(SolutionConfigurationPlatforms) = preSolution
		Debug|Any CPU = Debug|Any CPU
		Release|Any CPU = Release|Any CPU
	EndGlobalSection
	GlobalSection(ProjectConfigurationPlatforms) = postSolution
		{24FD3786-50B9-4F47-AB06-B9229B2716A5}.Debug|Any CPU.ActiveCfg = Debug|Any CPU
		{24FD3786-50B9-4F47-AB06-B9229B2716A5}.Debug|Any CPU.Build.0 = Debug|Any CPU
		{24FD3786-50B9-4F47-AB06-B9229B2716A5}.Release|Any CPU.ActiveCfg = Release|Any CPU
		{24FD3786-50B9-4F47-AB06-B9229B2716A5}.Release|Any CPU.Build.0 = Release|Any CPU
		{975B5B1A-9E54-47C6-8C7C-DA109DDCDEA7}.Debug|Any CPU.ActiveCfg = Debug|Any CPU
		{975B5B1A-9E54-47C6-8C7C-DA109DDCDEA7}.Debug|Any CPU.Build.0 = Debug|Any CPU
		{975B5B1A-9E54-47C6-8C7C-DA109DDCDEA7}.Release|Any CPU.ActiveCfg = Release|Any CPU
		{975B5B1A-9E54-47C6-8C7C-DA109DDCDEA7}.Release|Any CPU.Build.0 = Release|Any CPU
		{C137CD23-0D12-4ADA-A43F-F073DFFE58A4}.Debug|Any CPU.ActiveCfg = Debug|Any CPU
		{C137CD23-0D12-4ADA-A43F-F073DFFE58A4}.Debug|Any CPU.Build.0 = Debug|Any CPU
		{C137CD23-0D12-4ADA-A43F-F073DFFE58A4}.Release|Any CPU.ActiveCfg = Release|Any CPU
		{C137CD23-0D12-4ADA-A43F-F073DFFE58A4}.Release|Any CPU.Build.0 = Release|Any CPU
		{567BBDDF-31A1-46F8-A1FE-2FA918A8F14C}.Debug|Any CPU.ActiveCfg = Debug|Any CPU
		{567BBDDF-31A1-46F8-A1FE-2FA918A8F14C}.Debug|Any CPU.Build.0 = Debug|Any CPU
		{567BBDDF-31A1-46F8-A1FE-2FA918A8F14C}.Release|Any CPU.ActiveCfg = Release|Any CPU
		{567BBDDF-31A1-46F8-A1FE-2FA918A8F14C}.Release|Any CPU.Build.0 = Release|Any CPU
		{F70F96EA-F8FB-4834-BB51-170BC9661DA2}.Debug|Any CPU.ActiveCfg = Debug|Any CPU
		{F70F96EA-F8FB-4834-BB51-170BC9661DA2}.Debug|Any CPU.Build.0 = Debug|Any CPU
		{F70F96EA-F8FB-4834-BB51-170BC9661DA2}.Release|Any CPU.ActiveCfg = Release|Any CPU
		{F70F96EA-F8FB-4834-BB51-170BC9661DA2}.Release|Any CPU.Build.0 = Release|Any CPU
		{83C1C280-99A4-417C-BE22-BCDD1C0BA732}.Debug|Any CPU.ActiveCfg = Debug|Any CPU
		{83C1C280-99A4-417C-BE22-BCDD1C0BA732}.Debug|Any CPU.Build.0 = Debug|Any CPU
		{83C1C280-99A4-417C-BE22-BCDD1C0BA732}.Release|Any CPU.ActiveCfg = Release|Any CPU
		{83C1C280-99A4-417C-BE22-BCDD1C0BA732}.Release|Any CPU.Build.0 = Release|Any CPU
		{2037457D-3243-4E01-985A-9D236F693870}.Debug|Any CPU.ActiveCfg = Debug|Any CPU
		{2037457D-3243-4E01-985A-9D236F693870}.Debug|Any CPU.Build.0 = Debug|Any CPU
		{2037457D-3243-4E01-985A-9D236F693870}.Release|Any CPU.ActiveCfg = Release|Any CPU
		{2037457D-3243-4E01-985A-9D236F693870}.Release|Any CPU.Build.0 = Release|Any CPU
		{D2275E2C-B3A3-4949-9C00-31A9FB24B19B}.Debug|Any CPU.ActiveCfg = Debug|Any CPU
		{D2275E2C-B3A3-4949-9C00-31A9FB24B19B}.Debug|Any CPU.Build.0 = Debug|Any CPU
		{D2275E2C-B3A3-4949-9C00-31A9FB24B19B}.Release|Any CPU.ActiveCfg = Release|Any CPU
		{D2275E2C-B3A3-4949-9C00-31A9FB24B19B}.Release|Any CPU.Build.0 = Release|Any CPU
		{7C21CD17-E3C9-4DE8-92C5-00CE02AA8D83}.Debug|Any CPU.ActiveCfg = Debug|Any CPU
		{7C21CD17-E3C9-4DE8-92C5-00CE02AA8D83}.Debug|Any CPU.Build.0 = Debug|Any CPU
		{7C21CD17-E3C9-4DE8-92C5-00CE02AA8D83}.Release|Any CPU.ActiveCfg = Release|Any CPU
		{7C21CD17-E3C9-4DE8-92C5-00CE02AA8D83}.Release|Any CPU.Build.0 = Release|Any CPU
	EndGlobalSection
	GlobalSection(SolutionProperties) = preSolution
		HideSolutionNode = FALSE
	EndGlobalSection
	GlobalSection(NestedProjects) = preSolution
		{AA324C5B-2B35-4683-B216-6B47EEBD015D} = {A5468944-D541-46D3-974B-74F539205544}
		{6D823803-1EAD-4375-B17F-07899CC43298} = {A5468944-D541-46D3-974B-74F539205544}
		{06CB6FC9-BE83-4F84-A8CD-1E9BD2687E28} = {A5468944-D541-46D3-974B-74F539205544}
		{24FD3786-50B9-4F47-AB06-B9229B2716A5} = {6D823803-1EAD-4375-B17F-07899CC43298}
		{975B5B1A-9E54-47C6-8C7C-DA109DDCDEA7} = {06CB6FC9-BE83-4F84-A8CD-1E9BD2687E28}
		{C137CD23-0D12-4ADA-A43F-F073DFFE58A4} = {AA324C5B-2B35-4683-B216-6B47EEBD015D}
		{567BBDDF-31A1-46F8-A1FE-2FA918A8F14C} = {AA324C5B-2B35-4683-B216-6B47EEBD015D}
		{F70F96EA-F8FB-4834-BB51-170BC9661DA2} = {06CB6FC9-BE83-4F84-A8CD-1E9BD2687E28}
		{83C1C280-99A4-417C-BE22-BCDD1C0BA732} = {06CB6FC9-BE83-4F84-A8CD-1E9BD2687E28}
		{2037457D-3243-4E01-985A-9D236F693870} = {06CB6FC9-BE83-4F84-A8CD-1E9BD2687E28}
		{D2275E2C-B3A3-4949-9C00-31A9FB24B19B} = {1DDC9AAF-1158-4E77-BEAB-D7B5AD3D826D}
		{7C21CD17-E3C9-4DE8-92C5-00CE02AA8D83} = {1DDC9AAF-1158-4E77-BEAB-D7B5AD3D826D}
	EndGlobalSection
EndGlobal
